
Microsoft Visual Studio Solution File, Format Version 11.00
# Visual Studio 2010
Project("{FAE04EC0-301F-11D3-BF4B-00C04F79EFBC}") = "Modbus.NET", "Modbus.NET\Modbus.NET.csproj", "{D1783636-1ED5-4D33-8CE6-3B4A6FFDA8E8}"
EndProject
Project("{FAE04EC0-301F-11D3-BF4B-00C04F79EFBC}") = "UnitTests", "UnitTests\UnitTests.csproj", "{7D892F83-C637-4ABD-AC5F-288C6283BF45}"
EndProject
Project("{FAE04EC0-301F-11D3-BF4B-00C04F79EFBC}") = "Hermod", "..\Hermod\Hermod\Hermod.csproj", "{EAB20045-3D15-4220-BB56-B22FF6630AC9}"
EndProject
Global
	GlobalSection(SolutionConfigurationPlatforms) = preSolution
		Debug|Any CPU = Debug|Any CPU
		Release|Any CPU = Release|Any CPU
	EndGlobalSection
	GlobalSection(ProjectConfigurationPlatforms) = postSolution
		{D1783636-1ED5-4D33-8CE6-3B4A6FFDA8E8}.Debug|Any CPU.ActiveCfg = Debug|Any CPU
		{D1783636-1ED5-4D33-8CE6-3B4A6FFDA8E8}.Debug|Any CPU.Build.0 = Debug|Any CPU
		{D1783636-1ED5-4D33-8CE6-3B4A6FFDA8E8}.Release|Any CPU.ActiveCfg = Release|Any CPU
		{D1783636-1ED5-4D33-8CE6-3B4A6FFDA8E8}.Release|Any CPU.Build.0 = Release|Any CPU
		{7D892F83-C637-4ABD-AC5F-288C6283BF45}.Debug|Any CPU.ActiveCfg = Debug|Any CPU
		{7D892F83-C637-4ABD-AC5F-288C6283BF45}.Debug|Any CPU.Build.0 = Debug|Any CPU
		{7D892F83-C637-4ABD-AC5F-288C6283BF45}.Release|Any CPU.ActiveCfg = Release|Any CPU
		{7D892F83-C637-4ABD-AC5F-288C6283BF45}.Release|Any CPU.Build.0 = Release|Any CPU
		{EAB20045-3D15-4220-BB56-B22FF6630AC9}.Debug|Any CPU.ActiveCfg = Debug|Any CPU
		{EAB20045-3D15-4220-BB56-B22FF6630AC9}.Debug|Any CPU.Build.0 = Debug|Any CPU
		{EAB20045-3D15-4220-BB56-B22FF6630AC9}.Release|Any CPU.ActiveCfg = Release|Any CPU
		{EAB20045-3D15-4220-BB56-B22FF6630AC9}.Release|Any CPU.Build.0 = Release|Any CPU
	EndGlobalSection
	GlobalSection(SolutionProperties) = preSolution
		HideSolutionNode = FALSE
	EndGlobalSection
EndGlobal
